
Microsoft Visual Studio Solution File, Format Version 12.00
# Visual Studio Version 17
VisualStudioVersion = 17.14.36127.28 d17.14
MinimumVisualStudioVersion = 10.0.40219.1
Project("{FAE04EC0-301F-11D3-BF4B-00C04F79EFBC}") = "WebApplication2", "WebApplication2\WebApplication2.csproj", "{62EACB1F-0D58-4909-8B0F-DD1BD86DC03B}"
EndProject
Global
	GlobalSection(SolutionConfigurationPlatforms) = preSolution
		Debug|Any CPU = Debug|Any CPU
		Release|Any CPU = Release|Any CPU
	EndGlobalSection
	GlobalSection(ProjectConfigurationPlatforms) = postSolution
		{62EACB1F-0D58-4909-8B0F-DD1BD86DC03B}.Debug|Any CPU.ActiveCfg = Debug|Any CPU
		{62EACB1F-0D58-4909-8B0F-DD1BD86DC03B}.Debug|Any CPU.Build.0 = Debug|Any CPU
		{62EACB1F-0D58-4909-8B0F-DD1BD86DC03B}.Release|Any CPU.ActiveCfg = Release|Any CPU
		{62EACB1F-0D58-4909-8B0F-DD1BD86DC03B}.Release|Any CPU.Build.0 = Release|Any CPU
	EndGlobalSection
	GlobalSection(SolutionProperties) = preSolution
		HideSolutionNode = FALSE
	EndGlobalSection
	GlobalSection(ExtensibilityGlobals) = postSolution
		SolutionGuid = {E84F6E2C-1162-47FD-A74C-F0F544E7989A}
	EndGlobalSection
EndGlobal
